
Microsoft Visual Studio Solution File, Format Version 12.00
# Visual Studio 15
VisualStudioVersion = 15.0.28307.489
MinimumVisualStudioVersion = 10.0.40219.1
Project("{FAE04EC0-301F-11D3-BF4B-00C04F79EFBC}") = "EXRESOLVIDO01", "EXRESOLVIDO01\EXRESOLVIDO01.csproj", "{EB8839B6-CB33-46FD-B8A4-CE2B01EC976B}"
EndProject
Global
	GlobalSection(SolutionConfigurationPlatforms) = preSolution
		Debug|Any CPU = Debug|Any CPU
		Release|Any CPU = Release|Any CPU
	EndGlobalSection
	GlobalSection(ProjectConfigurationPlatforms) = postSolution
		{EB8839B6-CB33-46FD-B8A4-CE2B01EC976B}.Debug|Any CPU.ActiveCfg = Debug|Any CPU
		{EB8839B6-CB33-46FD-B8A4-CE2B01EC976B}.Debug|Any CPU.Build.0 = Debug|Any CPU
		{EB8839B6-CB33-46FD-B8A4-CE2B01EC976B}.Release|Any CPU.ActiveCfg = Release|Any CPU
		{EB8839B6-CB33-46FD-B8A4-CE2B01EC976B}.Release|Any CPU.Build.0 = Release|Any CPU
	EndGlobalSection
	GlobalSection(SolutionProperties) = preSolution
		HideSolutionNode = FALSE
	EndGlobalSection
	GlobalSection(ExtensibilityGlobals) = postSolution
		SolutionGuid = {B7D871C2-8F52-4265-BD97-5EFB102C966F}
	EndGlobalSection
EndGlobal
