
Microsoft Visual Studio Solution File, Format Version 12.00
# Visual Studio 15
VisualStudioVersion = 15.0.28307.489
MinimumVisualStudioVersion = 10.0.40219.1
Project("{FAE04EC0-301F-11D3-BF4B-00C04F79EFBC}") = "EX01", "EX01\EX01.csproj", "{9878A167-1F44-4444-B0F0-2106E96874E4}"
EndProject
Global
	GlobalSection(SolutionConfigurationPlatforms) = preSolution
		Debug|Any CPU = Debug|Any CPU
		Release|Any CPU = Release|Any CPU
	EndGlobalSection
	GlobalSection(ProjectConfigurationPlatforms) = postSolution
		{9878A167-1F44-4444-B0F0-2106E96874E4}.Debug|Any CPU.ActiveCfg = Debug|Any CPU
		{9878A167-1F44-4444-B0F0-2106E96874E4}.Debug|Any CPU.Build.0 = Debug|Any CPU
		{9878A167-1F44-4444-B0F0-2106E96874E4}.Release|Any CPU.ActiveCfg = Release|Any CPU
		{9878A167-1F44-4444-B0F0-2106E96874E4}.Release|Any CPU.Build.0 = Release|Any CPU
	EndGlobalSection
	GlobalSection(SolutionProperties) = preSolution
		HideSolutionNode = FALSE
	EndGlobalSection
	GlobalSection(ExtensibilityGlobals) = postSolution
		SolutionGuid = {6F183CA2-82E9-4A47-853A-62F489AA49A3}
	EndGlobalSection
EndGlobal
