
Microsoft Visual Studio Solution File, Format Version 12.00
# Visual Studio 15
VisualStudioVersion = 15.0.28307.489
MinimumVisualStudioVersion = 10.0.40219.1
Project("{FAE04EC0-301F-11D3-BF4B-00C04F79EFBC}") = "Memoria", "Memoria\Memoria.csproj", "{910D3B6A-69C3-4D8B-A60F-74C13E2C35ED}"
EndProject
Global
	GlobalSection(SolutionConfigurationPlatforms) = preSolution
		Debug|Any CPU = Debug|Any CPU
		Release|Any CPU = Release|Any CPU
	EndGlobalSection
	GlobalSection(ProjectConfigurationPlatforms) = postSolution
		{910D3B6A-69C3-4D8B-A60F-74C13E2C35ED}.Debug|Any CPU.ActiveCfg = Debug|Any CPU
		{910D3B6A-69C3-4D8B-A60F-74C13E2C35ED}.Debug|Any CPU.Build.0 = Debug|Any CPU
		{910D3B6A-69C3-4D8B-A60F-74C13E2C35ED}.Release|Any CPU.ActiveCfg = Release|Any CPU
		{910D3B6A-69C3-4D8B-A60F-74C13E2C35ED}.Release|Any CPU.Build.0 = Release|Any CPU
	EndGlobalSection
	GlobalSection(SolutionProperties) = preSolution
		HideSolutionNode = FALSE
	EndGlobalSection
	GlobalSection(ExtensibilityGlobals) = postSolution
		SolutionGuid = {17A078C0-7749-4F37-95E9-529E84D62F5D}
	EndGlobalSection
EndGlobal
