
Microsoft Visual Studio Solution File, Format Version 12.00
# Visual Studio 15
VisualStudioVersion = 15.0.28307.489
MinimumVisualStudioVersion = 10.0.40219.1
Project("{FAE04EC0-301F-11D3-BF4B-00C04F79EFBC}") = "ExemploSemInterface", "ExemploSemInterface\ExemploSemInterface.csproj", "{72E691EA-1505-459D-BD26-4B79ACE41EFD}"
EndProject
Global
	GlobalSection(SolutionConfigurationPlatforms) = preSolution
		Debug|Any CPU = Debug|Any CPU
		Release|Any CPU = Release|Any CPU
	EndGlobalSection
	GlobalSection(ProjectConfigurationPlatforms) = postSolution
		{72E691EA-1505-459D-BD26-4B79ACE41EFD}.Debug|Any CPU.ActiveCfg = Debug|Any CPU
		{72E691EA-1505-459D-BD26-4B79ACE41EFD}.Debug|Any CPU.Build.0 = Debug|Any CPU
		{72E691EA-1505-459D-BD26-4B79ACE41EFD}.Release|Any CPU.ActiveCfg = Release|Any CPU
		{72E691EA-1505-459D-BD26-4B79ACE41EFD}.Release|Any CPU.Build.0 = Release|Any CPU
	EndGlobalSection
	GlobalSection(SolutionProperties) = preSolution
		HideSolutionNode = FALSE
	EndGlobalSection
	GlobalSection(ExtensibilityGlobals) = postSolution
		SolutionGuid = {465D9175-524A-4ACB-8353-7ECCF3DF2B02}
	EndGlobalSection
EndGlobal
