
Microsoft Visual Studio Solution File, Format Version 12.00
# Visual Studio 15
VisualStudioVersion = 15.0.28307.489
MinimumVisualStudioVersion = 10.0.40219.1
Project("{FAE04EC0-301F-11D3-BF4B-00C04F79EFBC}") = "Enumeracao", "Enumeracao\Enumeracao.csproj", "{AEE292AC-1786-4983-940A-FB5B14B245D5}"
EndProject
Global
	GlobalSection(SolutionConfigurationPlatforms) = preSolution
		Debug|Any CPU = Debug|Any CPU
		Release|Any CPU = Release|Any CPU
	EndGlobalSection
	GlobalSection(ProjectConfigurationPlatforms) = postSolution
		{AEE292AC-1786-4983-940A-FB5B14B245D5}.Debug|Any CPU.ActiveCfg = Debug|Any CPU
		{AEE292AC-1786-4983-940A-FB5B14B245D5}.Debug|Any CPU.Build.0 = Debug|Any CPU
		{AEE292AC-1786-4983-940A-FB5B14B245D5}.Release|Any CPU.ActiveCfg = Release|Any CPU
		{AEE292AC-1786-4983-940A-FB5B14B245D5}.Release|Any CPU.Build.0 = Release|Any CPU
	EndGlobalSection
	GlobalSection(SolutionProperties) = preSolution
		HideSolutionNode = FALSE
	EndGlobalSection
	GlobalSection(ExtensibilityGlobals) = postSolution
		SolutionGuid = {A18F325D-5E06-484F-8FD5-0457978E194B}
	EndGlobalSection
EndGlobal
