
Microsoft Visual Studio Solution File, Format Version 12.00
# Visual Studio 15
VisualStudioVersion = 15.0.28307.489
MinimumVisualStudioVersion = 10.0.40219.1
Project("{FAE04EC0-301F-11D3-BF4B-00C04F79EFBC}") = "EX02", "EX02\EX02.csproj", "{D702E8BF-3E71-4064-A959-F37827D21DB9}"
EndProject
Global
	GlobalSection(SolutionConfigurationPlatforms) = preSolution
		Debug|Any CPU = Debug|Any CPU
		Release|Any CPU = Release|Any CPU
	EndGlobalSection
	GlobalSection(ProjectConfigurationPlatforms) = postSolution
		{D702E8BF-3E71-4064-A959-F37827D21DB9}.Debug|Any CPU.ActiveCfg = Debug|Any CPU
		{D702E8BF-3E71-4064-A959-F37827D21DB9}.Debug|Any CPU.Build.0 = Debug|Any CPU
		{D702E8BF-3E71-4064-A959-F37827D21DB9}.Release|Any CPU.ActiveCfg = Release|Any CPU
		{D702E8BF-3E71-4064-A959-F37827D21DB9}.Release|Any CPU.Build.0 = Release|Any CPU
	EndGlobalSection
	GlobalSection(SolutionProperties) = preSolution
		HideSolutionNode = FALSE
	EndGlobalSection
	GlobalSection(ExtensibilityGlobals) = postSolution
		SolutionGuid = {88D57273-B0DC-4CEE-8802-3208C7924E65}
	EndGlobalSection
EndGlobal
