
Microsoft Visual Studio Solution File, Format Version 12.00
# Visual Studio 15
VisualStudioVersion = 15.0.28307.489
MinimumVisualStudioVersion = 10.0.40219.1
Project("{FAE04EC0-301F-11D3-BF4B-00C04F79EFBC}") = "EX01", "EX01\EX01.csproj", "{50EB772D-5286-43D2-B1AA-CFA816FC3850}"
EndProject
Global
	GlobalSection(SolutionConfigurationPlatforms) = preSolution
		Debug|Any CPU = Debug|Any CPU
		Release|Any CPU = Release|Any CPU
	EndGlobalSection
	GlobalSection(ProjectConfigurationPlatforms) = postSolution
		{50EB772D-5286-43D2-B1AA-CFA816FC3850}.Debug|Any CPU.ActiveCfg = Debug|Any CPU
		{50EB772D-5286-43D2-B1AA-CFA816FC3850}.Debug|Any CPU.Build.0 = Debug|Any CPU
		{50EB772D-5286-43D2-B1AA-CFA816FC3850}.Release|Any CPU.ActiveCfg = Release|Any CPU
		{50EB772D-5286-43D2-B1AA-CFA816FC3850}.Release|Any CPU.Build.0 = Release|Any CPU
	EndGlobalSection
	GlobalSection(SolutionProperties) = preSolution
		HideSolutionNode = FALSE
	EndGlobalSection
	GlobalSection(ExtensibilityGlobals) = postSolution
		SolutionGuid = {091B16B5-ED2B-4A6E-ACDA-1AACD8A9AC77}
	EndGlobalSection
EndGlobal
