
Microsoft Visual Studio Solution File, Format Version 12.00
# Visual Studio 15
VisualStudioVersion = 15.0.28307.489
MinimumVisualStudioVersion = 10.0.40219.1
Project("{FAE04EC0-301F-11D3-BF4B-00C04F79EFBC}") = "Extension", "Extension\Extension.csproj", "{8FD87F4F-393C-42BE-B96F-8AA4058EB5A2}"
EndProject
Global
	GlobalSection(SolutionConfigurationPlatforms) = preSolution
		Debug|Any CPU = Debug|Any CPU
		Release|Any CPU = Release|Any CPU
	EndGlobalSection
	GlobalSection(ProjectConfigurationPlatforms) = postSolution
		{8FD87F4F-393C-42BE-B96F-8AA4058EB5A2}.Debug|Any CPU.ActiveCfg = Debug|Any CPU
		{8FD87F4F-393C-42BE-B96F-8AA4058EB5A2}.Debug|Any CPU.Build.0 = Debug|Any CPU
		{8FD87F4F-393C-42BE-B96F-8AA4058EB5A2}.Release|Any CPU.ActiveCfg = Release|Any CPU
		{8FD87F4F-393C-42BE-B96F-8AA4058EB5A2}.Release|Any CPU.Build.0 = Release|Any CPU
	EndGlobalSection
	GlobalSection(SolutionProperties) = preSolution
		HideSolutionNode = FALSE
	EndGlobalSection
	GlobalSection(ExtensibilityGlobals) = postSolution
		SolutionGuid = {FEFBC1FA-1EAE-4EEB-98F9-06A0F6891BCB}
	EndGlobalSection
EndGlobal
