
Microsoft Visual Studio Solution File, Format Version 12.00
# Visual Studio 15
VisualStudioVersion = 15.0.28307.489
MinimumVisualStudioVersion = 10.0.40219.1
Project("{FAE04EC0-301F-11D3-BF4B-00C04F79EFBC}") = "File", "File\File.csproj", "{AD8148F7-9DA6-47AE-A2F3-F367FCEFDBFA}"
EndProject
Global
	GlobalSection(SolutionConfigurationPlatforms) = preSolution
		Debug|Any CPU = Debug|Any CPU
		Release|Any CPU = Release|Any CPU
	EndGlobalSection
	GlobalSection(ProjectConfigurationPlatforms) = postSolution
		{AD8148F7-9DA6-47AE-A2F3-F367FCEFDBFA}.Debug|Any CPU.ActiveCfg = Debug|Any CPU
		{AD8148F7-9DA6-47AE-A2F3-F367FCEFDBFA}.Debug|Any CPU.Build.0 = Debug|Any CPU
		{AD8148F7-9DA6-47AE-A2F3-F367FCEFDBFA}.Release|Any CPU.ActiveCfg = Release|Any CPU
		{AD8148F7-9DA6-47AE-A2F3-F367FCEFDBFA}.Release|Any CPU.Build.0 = Release|Any CPU
	EndGlobalSection
	GlobalSection(SolutionProperties) = preSolution
		HideSolutionNode = FALSE
	EndGlobalSection
	GlobalSection(ExtensibilityGlobals) = postSolution
		SolutionGuid = {169C4C43-563D-4E98-AE41-AA13C545D078}
	EndGlobalSection
EndGlobal
